
Microsoft Visual Studio Solution File, Format Version 12.00
# Visual Studio Version 16
VisualStudioVersion = 16.0.33130.400
MinimumVisualStudioVersion = 10.0.40219.1
Project("{8BC9CEB8-8B4A-11D0-8D11-00A0C91BC942}") = "Week15 SDL (joined)", "Week15 SDL (joined)\Week15 SDL (joined).vcxproj", "{FCB27381-CDB5-463C-90D4-631C03C66701}"
EndProject
Global
	GlobalSection(SolutionConfigurationPlatforms) = preSolution
		Debug|x64 = Debug|x64
		Debug|x86 = Debug|x86
		Release|x64 = Release|x64
		Release|x86 = Release|x86
	EndGlobalSection
	GlobalSection(ProjectConfigurationPlatforms) = postSolution
		{FCB27381-CDB5-463C-90D4-631C03C66701}.Debug|x64.ActiveCfg = Debug|x64
		{FCB27381-CDB5-463C-90D4-631C03C66701}.Debug|x64.Build.0 = Debug|x64
		{FCB27381-CDB5-463C-90D4-631C03C66701}.Debug|x86.ActiveCfg = Debug|Win32
		{FCB27381-CDB5-463C-90D4-631C03C66701}.Debug|x86.Build.0 = Debug|Win32
		{FCB27381-CDB5-463C-90D4-631C03C66701}.Release|x64.ActiveCfg = Release|x64
		{FCB27381-CDB5-463C-90D4-631C03C66701}.Release|x64.Build.0 = Release|x64
		{FCB27381-CDB5-463C-90D4-631C03C66701}.Release|x86.ActiveCfg = Release|Win32
		{FCB27381-CDB5-463C-90D4-631C03C66701}.Release|x86.Build.0 = Release|Win32
	EndGlobalSection
	GlobalSection(SolutionProperties) = preSolution
		HideSolutionNode = FALSE
	EndGlobalSection
	GlobalSection(ExtensibilityGlobals) = postSolution
		SolutionGuid = {AE068356-6267-4D47-B6F8-2F9A5484EE3D}
	EndGlobalSection
EndGlobal
